// !$*UTF8*$!
{
	archiveVersion = 1;
	classes = {
	};
	objectVersion = 46;
	objects = {

/* Begin PBXBuildFile section */
		0437276D1F99D5F0001B4735 /* NNShareKitHandle.m in Sources */ = {isa = PBXBuildFile; fileRef = 0437276C1F99D5F0001B4735 /* NNShareKitHandle.m */; };
		0437278D1F9DF12E001B4735 /* openshare.bundle in Resources */ = {isa = PBXBuildFile; fileRef = 0437278C1F9DF12E001B4735 /* openshare.bundle */; };
		0492D2871F8F8E590009ADF7 /* NNWechatTimelineShare.m in Sources */ = {isa = PBXBuildFile; fileRef = 0492D26E1F8F8E540009ADF7 /* NNWechatTimelineShare.m */; };
		0492D2881F8F8E590009ADF7 /* NSString+NNValid.m in Sources */ = {isa = PBXBuildFile; fileRef = 0492D2711F8F8E550009ADF7 /* NSString+NNValid.m */; };
		0492D2891F8F8E590009ADF7 /* NNSavePhoto.m in Sources */ = {isa = PBXBuildFile; fileRef = 0492D2761F8F8E550009ADF7 /* NNSavePhoto.m */; };
		0492D28A1F8F8E590009ADF7 /* NNWechatSessionShare.m in Sources */ = {isa = PBXBuildFile; fileRef = 0492D2771F8F8E560009ADF7 /* NNWechatSessionShare.m */; };
		0492D28C1F8F8E590009ADF7 /* NNShareContentController.m in Sources */ = {isa = PBXBuildFile; fileRef = 0492D27B1F8F8E560009ADF7 /* NNShareContentController.m */; };
		0492D28D1F8F8E590009ADF7 /* NNBaseShareKit.m in Sources */ = {isa = PBXBuildFile; fileRef = 0492D27C1F8F8E560009ADF7 /* NNBaseShareKit.m */; };
		0492D28E1F8F8E590009ADF7 /* NNCopyLink.m in Sources */ = {isa = PBXBuildFile; fileRef = 0492D27D1F8F8E570009ADF7 /* NNCopyLink.m */; };
		0492D28F1F8F8E590009ADF7 /* NNChatShare.m in Sources */ = {isa = PBXBuildFile; fileRef = 0492D2821F8F8E580009ADF7 /* NNChatShare.m */; };
		0492D2901F8F8E590009ADF7 /* NNShareMessageObject.m in Sources */ = {isa = PBXBuildFile; fileRef = 0492D2831F8F8E580009ADF7 /* NNShareMessageObject.m */; };
		0492D2911F8F8E590009ADF7 /* NNWeiboShare.m in Sources */ = {isa = PBXBuildFile; fileRef = 0492D2841F8F8E580009ADF7 /* NNWeiboShare.m */; };
		0492D2921F8F8E590009ADF7 /* NNBaseMessages.m in Sources */ = {isa = PBXBuildFile; fileRef = 0492D2851F8F8E580009ADF7 /* NNBaseMessages.m */; };
		0492D2B71F8FABB70009ADF7 /* NSBundle+NNShareKit.m in Sources */ = {isa = PBXBuildFile; fileRef = 0492D2B61F8FABB70009ADF7 /* NSBundle+NNShareKit.m */; };
		049EE8F71F8F6443004A076B /* NNShareViewController.m in Sources */ = {isa = PBXBuildFile; fileRef = 049EE8F61F8F6443004A076B /* NNShareViewController.m */; };
		04D650B21F904B27005F7830 /* NNTencentQQShare.m in Sources */ = {isa = PBXBuildFile; fileRef = 04D650B11F904B27005F7830 /* NNTencentQQShare.m */; };
		04D650B51F904B6F005F7830 /* NNTencentSpaceShare.m in Sources */ = {isa = PBXBuildFile; fileRef = 04D650B41F904B6F005F7830 /* NNTencentSpaceShare.m */; };
		04D650CE1F908E44005F7830 /* NNCollectShare.m in Sources */ = {isa = PBXBuildFile; fileRef = 04D650CD1F908E44005F7830 /* NNCollectShare.m */; };
		04D650D11F908EEE005F7830 /* NNReportShare.m in Sources */ = {isa = PBXBuildFile; fileRef = 04D650D01F908EEE005F7830 /* NNReportShare.m */; };
		04D650D41F908F19005F7830 /* NNRefreshShare.m in Sources */ = {isa = PBXBuildFile; fileRef = 04D650D31F908F19005F7830 /* NNRefreshShare.m */; };
		04D650D71F908F44005F7830 /* NNDeleteShare.m in Sources */ = {isa = PBXBuildFile; fileRef = 04D650D61F908F44005F7830 /* NNDeleteShare.m */; };
		B66BF3B31B0C137E0082F8D6 /* main.m in Sources */ = {isa = PBXBuildFile; fileRef = B66BF3B21B0C137E0082F8D6 /* main.m */; };
		B66BF3B61B0C137E0082F8D6 /* AppDelegate.m in Sources */ = {isa = PBXBuildFile; fileRef = B66BF3B51B0C137E0082F8D6 /* AppDelegate.m */; };
		B66BF3B91B0C137E0082F8D6 /* ViewController.m in Sources */ = {isa = PBXBuildFile; fileRef = B66BF3B81B0C137E0082F8D6 /* ViewController.m */; };
		B66BF3BE1B0C137E0082F8D6 /* Images.xcassets in Resources */ = {isa = PBXBuildFile; fileRef = B66BF3BD1B0C137E0082F8D6 /* Images.xcassets */; };
		B66BF3C11B0C137E0082F8D6 /* LaunchScreen.xib in Resources */ = {isa = PBXBuildFile; fileRef = B66BF3BF1B0C137E0082F8D6 /* LaunchScreen.xib */; };
		B66BF3CD1B0C137E0082F8D6 /* openshareTests.m in Sources */ = {isa = PBXBuildFile; fileRef = B66BF3CC1B0C137E0082F8D6 /* openshareTests.m */; };
		B66BF3DB1B0C14480082F8D6 /* iconfont.ttf in Resources */ = {isa = PBXBuildFile; fileRef = B66BF3D71B0C14480082F8D6 /* iconfont.ttf */; };
		B66BF3DC1B0C14480082F8D6 /* logo.gif in Resources */ = {isa = PBXBuildFile; fileRef = B66BF3D81B0C14480082F8D6 /* logo.gif */; };
		B66BF3DD1B0C14480082F8D6 /* logo.png in Resources */ = {isa = PBXBuildFile; fileRef = B66BF3D91B0C14480082F8D6 /* logo.png */; };
		B66BF3DE1B0C14480082F8D6 /* test.pdf in Resources */ = {isa = PBXBuildFile; fileRef = B66BF3DA1B0C14480082F8D6 /* test.pdf */; };
		B66BF3ED1B0C16290082F8D6 /* OpenShare+QQ.m in Sources */ = {isa = PBXBuildFile; fileRef = B66BF3E31B0C16290082F8D6 /* OpenShare+QQ.m */; };
		B66BF3EE1B0C16290082F8D6 /* OpenShare+Renren.m in Sources */ = {isa = PBXBuildFile; fileRef = B66BF3E51B0C16290082F8D6 /* OpenShare+Renren.m */; };
		B66BF3EF1B0C16290082F8D6 /* OpenShare+Weibo.m in Sources */ = {isa = PBXBuildFile; fileRef = B66BF3E71B0C16290082F8D6 /* OpenShare+Weibo.m */; };
		B66BF3F01B0C16290082F8D6 /* OpenShare+Weixin.m in Sources */ = {isa = PBXBuildFile; fileRef = B66BF3E91B0C16290082F8D6 /* OpenShare+Weixin.m */; };
		B66BF3F11B0C16290082F8D6 /* OpenShare.m in Sources */ = {isa = PBXBuildFile; fileRef = B66BF3EB1B0C16290082F8D6 /* OpenShare.m */; };
		B66BF3F41B0C1AEB0082F8D6 /* UIControl+Blocks.m in Sources */ = {isa = PBXBuildFile; fileRef = B66BF3F31B0C1AEB0082F8D6 /* UIControl+Blocks.m */; };
		B66BF3F81B0C23670082F8D6 /* Default@2x.png in Resources */ = {isa = PBXBuildFile; fileRef = B66BF3F71B0C23670082F8D6 /* Default@2x.png */; };
		B6E22B1F1B213B09001930CA /* OpenShare+Alipay.m in Sources */ = {isa = PBXBuildFile; fileRef = B6E22B1E1B213B09001930CA /* OpenShare+Alipay.m */; };
/* End PBXBuildFile section */

/* Begin PBXContainerItemProxy section */
		B66BF3C71B0C137E0082F8D6 /* PBXContainerItemProxy */ = {
			isa = PBXContainerItemProxy;
			containerPortal = B66BF3A51B0C137D0082F8D6 /* Project object */;
			proxyType = 1;
			remoteGlobalIDString = B66BF3AC1B0C137E0082F8D6;
			remoteInfo = openshare;
		};
/* End PBXContainerItemProxy section */

/* Begin PBXFileReference section */
		0437276B1F99D5F0001B4735 /* NNShareKitHandle.h */ = {isa = PBXFileReference; lastKnownFileType = sourcecode.c.h; path = NNShareKitHandle.h; sourceTree = "<group>"; };
		0437276C1F99D5F0001B4735 /* NNShareKitHandle.m */ = {isa = PBXFileReference; lastKnownFileType = sourcecode.c.objc; path = NNShareKitHandle.m; sourceTree = "<group>"; };
		0437278C1F9DF12E001B4735 /* openshare.bundle */ = {isa = PBXFileReference; lastKnownFileType = "wrapper.plug-in"; name = openshare.bundle; path = ../openshare/openshare.bundle; sourceTree = "<group>"; };
		0492D26D1F8F8E540009ADF7 /* NNBaseMessages.h */ = {isa = PBXFileReference; fileEncoding = 4; lastKnownFileType = sourcecode.c.h; name = NNBaseMessages.h; path = ../openshare/NNBaseMessages.h; sourceTree = "<group>"; };
		0492D26E1F8F8E540009ADF7 /* NNWechatTimelineShare.m */ = {isa = PBXFileReference; fileEncoding = 4; lastKnownFileType = sourcecode.c.objc; name = NNWechatTimelineShare.m; path = ../openshare/NNWechatTimelineShare.m; sourceTree = "<group>"; };
		0492D26F1F8F8E540009ADF7 /* NNWechatSessionShare.h */ = {isa = PBXFileReference; fileEncoding = 4; lastKnownFileType = sourcecode.c.h; name = NNWechatSessionShare.h; path = ../openshare/NNWechatSessionShare.h; sourceTree = "<group>"; };
		0492D2701F8F8E550009ADF7 /* NNShareKit.h */ = {isa = PBXFileReference; fileEncoding = 4; lastKnownFileType = sourcecode.c.h; name = NNShareKit.h; path = ../openshare/NNShareKit.h; sourceTree = "<group>"; };
		0492D2711F8F8E550009ADF7 /* NSString+NNValid.m */ = {isa = PBXFileReference; fileEncoding = 4; lastKnownFileType = sourcecode.c.objc; name = "NSString+NNValid.m"; path = "../openshare/NSString+NNValid.m"; sourceTree = "<group>"; };
		0492D2721F8F8E550009ADF7 /* NNShareContentController.h */ = {isa = PBXFileReference; fileEncoding = 4; lastKnownFileType = sourcecode.c.h; name = NNShareContentController.h; path = ../openshare/NNShareContentController.h; sourceTree = "<group>"; };
		0492D2731F8F8E550009ADF7 /* NNShareMessageObject.h */ = {isa = PBXFileReference; fileEncoding = 4; lastKnownFileType = sourcecode.c.h; name = NNShareMessageObject.h; path = ../openshare/NNShareMessageObject.h; sourceTree = "<group>"; };
		0492D2741F8F8E550009ADF7 /* NNBaseShareKit.h */ = {isa = PBXFileReference; fileEncoding = 4; lastKnownFileType = sourcecode.c.h; name = NNBaseShareKit.h; path = ../openshare/NNBaseShareKit.h; sourceTree = "<group>"; };
		0492D2751F8F8E550009ADF7 /* NNChatShare.h */ = {isa = PBXFileReference; fileEncoding = 4; lastKnownFileType = sourcecode.c.h; name = NNChatShare.h; path = ../openshare/NNChatShare.h; sourceTree = "<group>"; };
		0492D2761F8F8E550009ADF7 /* NNSavePhoto.m */ = {isa = PBXFileReference; fileEncoding = 4; lastKnownFileType = sourcecode.c.objc; name = NNSavePhoto.m; path = ../openshare/NNSavePhoto.m; sourceTree = "<group>"; };
		0492D2771F8F8E560009ADF7 /* NNWechatSessionShare.m */ = {isa = PBXFileReference; fileEncoding = 4; lastKnownFileType = sourcecode.c.objc; name = NNWechatSessionShare.m; path = ../openshare/NNWechatSessionShare.m; sourceTree = "<group>"; };
		0492D2791F8F8E560009ADF7 /* NNCopyLink.h */ = {isa = PBXFileReference; fileEncoding = 4; lastKnownFileType = sourcecode.c.h; name = NNCopyLink.h; path = ../openshare/NNCopyLink.h; sourceTree = "<group>"; };
		0492D27A1F8F8E560009ADF7 /* NSString+NNValid.h */ = {isa = PBXFileReference; fileEncoding = 4; lastKnownFileType = sourcecode.c.h; name = "NSString+NNValid.h"; path = "../openshare/NSString+NNValid.h"; sourceTree = "<group>"; };
		0492D27B1F8F8E560009ADF7 /* NNShareContentController.m */ = {isa = PBXFileReference; fileEncoding = 4; lastKnownFileType = sourcecode.c.objc; name = NNShareContentController.m; path = ../openshare/NNShareContentController.m; sourceTree = "<group>"; };
		0492D27C1F8F8E560009ADF7 /* NNBaseShareKit.m */ = {isa = PBXFileReference; fileEncoding = 4; lastKnownFileType = sourcecode.c.objc; name = NNBaseShareKit.m; path = ../openshare/NNBaseShareKit.m; sourceTree = "<group>"; };
		0492D27D1F8F8E570009ADF7 /* NNCopyLink.m */ = {isa = PBXFileReference; fileEncoding = 4; lastKnownFileType = sourcecode.c.objc; name = NNCopyLink.m; path = ../openshare/NNCopyLink.m; sourceTree = "<group>"; };
		0492D27E1F8F8E570009ADF7 /* NNSavePhoto.h */ = {isa = PBXFileReference; fileEncoding = 4; lastKnownFileType = sourcecode.c.h; name = NNSavePhoto.h; path = ../openshare/NNSavePhoto.h; sourceTree = "<group>"; };
		0492D27F1F8F8E570009ADF7 /* NNWechatTimelineShare.h */ = {isa = PBXFileReference; fileEncoding = 4; lastKnownFileType = sourcecode.c.h; name = NNWechatTimelineShare.h; path = ../openshare/NNWechatTimelineShare.h; sourceTree = "<group>"; };
		0492D2801F8F8E570009ADF7 /* NNWeiboShare.h */ = {isa = PBXFileReference; fileEncoding = 4; lastKnownFileType = sourcecode.c.h; name = NNWeiboShare.h; path = ../openshare/NNWeiboShare.h; sourceTree = "<group>"; };
		0492D2821F8F8E580009ADF7 /* NNChatShare.m */ = {isa = PBXFileReference; fileEncoding = 4; lastKnownFileType = sourcecode.c.objc; name = NNChatShare.m; path = ../openshare/NNChatShare.m; sourceTree = "<group>"; };
		0492D2831F8F8E580009ADF7 /* NNShareMessageObject.m */ = {isa = PBXFileReference; fileEncoding = 4; lastKnownFileType = sourcecode.c.objc; name = NNShareMessageObject.m; path = ../openshare/NNShareMessageObject.m; sourceTree = "<group>"; };
		0492D2841F8F8E580009ADF7 /* NNWeiboShare.m */ = {isa = PBXFileReference; fileEncoding = 4; lastKnownFileType = sourcecode.c.objc; name = NNWeiboShare.m; path = ../openshare/NNWeiboShare.m; sourceTree = "<group>"; };
		0492D2851F8F8E580009ADF7 /* NNBaseMessages.m */ = {isa = PBXFileReference; fileEncoding = 4; lastKnownFileType = sourcecode.c.objc; name = NNBaseMessages.m; path = ../openshare/NNBaseMessages.m; sourceTree = "<group>"; };
		0492D2B51F8FABB60009ADF7 /* NSBundle+NNShareKit.h */ = {isa = PBXFileReference; lastKnownFileType = sourcecode.c.h; path = "NSBundle+NNShareKit.h"; sourceTree = "<group>"; };
		0492D2B61F8FABB70009ADF7 /* NSBundle+NNShareKit.m */ = {isa = PBXFileReference; lastKnownFileType = sourcecode.c.objc; path = "NSBundle+NNShareKit.m"; sourceTree = "<group>"; };
		049EE8F51F8F6443004A076B /* NNShareViewController.h */ = {isa = PBXFileReference; lastKnownFileType = sourcecode.c.h; path = NNShareViewController.h; sourceTree = "<group>"; };
		049EE8F61F8F6443004A076B /* NNShareViewController.m */ = {isa = PBXFileReference; lastKnownFileType = sourcecode.c.objc; path = NNShareViewController.m; sourceTree = "<group>"; };
		04D650B01F904B27005F7830 /* NNTencentQQShare.h */ = {isa = PBXFileReference; lastKnownFileType = sourcecode.c.h; name = NNTencentQQShare.h; path = ../openshare/NNTencentQQShare.h; sourceTree = "<group>"; };
		04D650B11F904B27005F7830 /* NNTencentQQShare.m */ = {isa = PBXFileReference; lastKnownFileType = sourcecode.c.objc; name = NNTencentQQShare.m; path = ../openshare/NNTencentQQShare.m; sourceTree = "<group>"; };
		04D650B31F904B6F005F7830 /* NNTencentSpaceShare.h */ = {isa = PBXFileReference; lastKnownFileType = sourcecode.c.h; path = NNTencentSpaceShare.h; sourceTree = "<group>"; };
		04D650B41F904B6F005F7830 /* NNTencentSpaceShare.m */ = {isa = PBXFileReference; lastKnownFileType = sourcecode.c.objc; path = NNTencentSpaceShare.m; sourceTree = "<group>"; };
		04D650CC1F908E44005F7830 /* NNCollectShare.h */ = {isa = PBXFileReference; lastKnownFileType = sourcecode.c.h; path = NNCollectShare.h; sourceTree = "<group>"; };
		04D650CD1F908E44005F7830 /* NNCollectShare.m */ = {isa = PBXFileReference; lastKnownFileType = sourcecode.c.objc; path = NNCollectShare.m; sourceTree = "<group>"; };
		04D650CF1F908EEE005F7830 /* NNReportShare.h */ = {isa = PBXFileReference; lastKnownFileType = sourcecode.c.h; path = NNReportShare.h; sourceTree = "<group>"; };
		04D650D01F908EEE005F7830 /* NNReportShare.m */ = {isa = PBXFileReference; lastKnownFileType = sourcecode.c.objc; path = NNReportShare.m; sourceTree = "<group>"; };
		04D650D21F908F19005F7830 /* NNRefreshShare.h */ = {isa = PBXFileReference; lastKnownFileType = sourcecode.c.h; path = NNRefreshShare.h; sourceTree = "<group>"; };
		04D650D31F908F19005F7830 /* NNRefreshShare.m */ = {isa = PBXFileReference; lastKnownFileType = sourcecode.c.objc; path = NNRefreshShare.m; sourceTree = "<group>"; };
		04D650D51F908F44005F7830 /* NNDeleteShare.h */ = {isa = PBXFileReference; lastKnownFileType = sourcecode.c.h; path = NNDeleteShare.h; sourceTree = "<group>"; };
		04D650D61F908F44005F7830 /* NNDeleteShare.m */ = {isa = PBXFileReference; lastKnownFileType = sourcecode.c.objc; path = NNDeleteShare.m; sourceTree = "<group>"; };
		B66BF3AD1B0C137E0082F8D6 /* openshare.app */ = {isa = PBXFileReference; explicitFileType = wrapper.application; includeInIndex = 0; path = openshare.app; sourceTree = BUILT_PRODUCTS_DIR; };
		B66BF3B11B0C137E0082F8D6 /* Info.plist */ = {isa = PBXFileReference; lastKnownFileType = text.plist.xml; path = Info.plist; sourceTree = "<group>"; };
		B66BF3B21B0C137E0082F8D6 /* main.m */ = {isa = PBXFileReference; lastKnownFileType = sourcecode.c.objc; path = main.m; sourceTree = "<group>"; };
		B66BF3B41B0C137E0082F8D6 /* AppDelegate.h */ = {isa = PBXFileReference; lastKnownFileType = sourcecode.c.h; path = AppDelegate.h; sourceTree = "<group>"; };
		B66BF3B51B0C137E0082F8D6 /* AppDelegate.m */ = {isa = PBXFileReference; lastKnownFileType = sourcecode.c.objc; path = AppDelegate.m; sourceTree = "<group>"; };
		B66BF3B71B0C137E0082F8D6 /* ViewController.h */ = {isa = PBXFileReference; lastKnownFileType = sourcecode.c.h; path = ViewController.h; sourceTree = "<group>"; };
		B66BF3B81B0C137E0082F8D6 /* ViewController.m */ = {isa = PBXFileReference; lastKnownFileType = sourcecode.c.objc; path = ViewController.m; sourceTree = "<group>"; };
		B66BF3BD1B0C137E0082F8D6 /* Images.xcassets */ = {isa = PBXFileReference; lastKnownFileType = folder.assetcatalog; path = Images.xcassets; sourceTree = "<group>"; };
		B66BF3C01B0C137E0082F8D6 /* Base */ = {isa = PBXFileReference; lastKnownFileType = file.xib; name = Base; path = Base.lproj/LaunchScreen.xib; sourceTree = "<group>"; };
		B66BF3C61B0C137E0082F8D6 /* openshareTests.xctest */ = {isa = PBXFileReference; explicitFileType = wrapper.cfbundle; includeInIndex = 0; path = openshareTests.xctest; sourceTree = BUILT_PRODUCTS_DIR; };
		B66BF3CB1B0C137E0082F8D6 /* Info.plist */ = {isa = PBXFileReference; lastKnownFileType = text.plist.xml; path = Info.plist; sourceTree = "<group>"; };
		B66BF3CC1B0C137E0082F8D6 /* openshareTests.m */ = {isa = PBXFileReference; lastKnownFileType = sourcecode.c.objc; path = openshareTests.m; sourceTree = "<group>"; };
		B66BF3D71B0C14480082F8D6 /* iconfont.ttf */ = {isa = PBXFileReference; lastKnownFileType = file; path = iconfont.ttf; sourceTree = "<group>"; };
		B66BF3D81B0C14480082F8D6 /* logo.gif */ = {isa = PBXFileReference; lastKnownFileType = image.gif; path = logo.gif; sourceTree = "<group>"; };
		B66BF3D91B0C14480082F8D6 /* logo.png */ = {isa = PBXFileReference; lastKnownFileType = image.png; path = logo.png; sourceTree = "<group>"; };
		B66BF3DA1B0C14480082F8D6 /* test.pdf */ = {isa = PBXFileReference; lastKnownFileType = image.pdf; path = test.pdf; sourceTree = "<group>"; };
		B66BF3E21B0C16290082F8D6 /* OpenShare+QQ.h */ = {isa = PBXFileReference; fileEncoding = 4; lastKnownFileType = sourcecode.c.h; path = "OpenShare+QQ.h"; sourceTree = "<group>"; };
		B66BF3E31B0C16290082F8D6 /* OpenShare+QQ.m */ = {isa = PBXFileReference; fileEncoding = 4; lastKnownFileType = sourcecode.c.objc; path = "OpenShare+QQ.m"; sourceTree = "<group>"; };
		B66BF3E41B0C16290082F8D6 /* OpenShare+Renren.h */ = {isa = PBXFileReference; fileEncoding = 4; lastKnownFileType = sourcecode.c.h; path = "OpenShare+Renren.h"; sourceTree = "<group>"; };
		B66BF3E51B0C16290082F8D6 /* OpenShare+Renren.m */ = {isa = PBXFileReference; fileEncoding = 4; lastKnownFileType = sourcecode.c.objc; path = "OpenShare+Renren.m"; sourceTree = "<group>"; };
		B66BF3E61B0C16290082F8D6 /* OpenShare+Weibo.h */ = {isa = PBXFileReference; fileEncoding = 4; lastKnownFileType = sourcecode.c.h; path = "OpenShare+Weibo.h"; sourceTree = "<group>"; };
		B66BF3E71B0C16290082F8D6 /* OpenShare+Weibo.m */ = {isa = PBXFileReference; fileEncoding = 4; lastKnownFileType = sourcecode.c.objc; path = "OpenShare+Weibo.m"; sourceTree = "<group>"; };
		B66BF3E81B0C16290082F8D6 /* OpenShare+Weixin.h */ = {isa = PBXFileReference; fileEncoding = 4; lastKnownFileType = sourcecode.c.h; path = "OpenShare+Weixin.h"; sourceTree = "<group>"; };
		B66BF3E91B0C16290082F8D6 /* OpenShare+Weixin.m */ = {isa = PBXFileReference; fileEncoding = 4; lastKnownFileType = sourcecode.c.objc; path = "OpenShare+Weixin.m"; sourceTree = "<group>"; };
		B66BF3EA1B0C16290082F8D6 /* OpenShare.h */ = {isa = PBXFileReference; fileEncoding = 4; lastKnownFileType = sourcecode.c.h; path = OpenShare.h; sourceTree = "<group>"; };
		B66BF3EB1B0C16290082F8D6 /* OpenShare.m */ = {isa = PBXFileReference; fileEncoding = 4; lastKnownFileType = sourcecode.c.objc; path = OpenShare.m; sourceTree = "<group>"; };
		B66BF3EC1B0C16290082F8D6 /* OpenShareHeader.h */ = {isa = PBXFileReference; fileEncoding = 4; lastKnownFileType = sourcecode.c.h; path = OpenShareHeader.h; sourceTree = "<group>"; };
		B66BF3F21B0C1AEB0082F8D6 /* UIControl+Blocks.h */ = {isa = PBXFileReference; fileEncoding = 4; lastKnownFileType = sourcecode.c.h; path = "UIControl+Blocks.h"; sourceTree = "<group>"; };
		B66BF3F31B0C1AEB0082F8D6 /* UIControl+Blocks.m */ = {isa = PBXFileReference; fileEncoding = 4; lastKnownFileType = sourcecode.c.objc; path = "UIControl+Blocks.m"; sourceTree = "<group>"; };
		B66BF3F71B0C23670082F8D6 /* Default@2x.png */ = {isa = PBXFileReference; lastKnownFileType = image.png; name = "Default@2x.png"; path = "Images.xcassets/LaunchImage.launchimage/Default@2x.png"; sourceTree = "<group>"; };
		B6E22B1D1B213B09001930CA /* OpenShare+Alipay.h */ = {isa = PBXFileReference; fileEncoding = 4; lastKnownFileType = sourcecode.c.h; path = "OpenShare+Alipay.h"; sourceTree = "<group>"; };
		B6E22B1E1B213B09001930CA /* OpenShare+Alipay.m */ = {isa = PBXFileReference; fileEncoding = 4; lastKnownFileType = sourcecode.c.objc; path = "OpenShare+Alipay.m"; sourceTree = "<group>"; };
/* End PBXFileReference section */

/* Begin PBXFrameworksBuildPhase section */
		B66BF3AA1B0C137E0082F8D6 /* Frameworks */ = {
			isa = PBXFrameworksBuildPhase;
			buildActionMask = 2147483647;
			files = (
			);
			runOnlyForDeploymentPostprocessing = 0;
		};
		B66BF3C31B0C137E0082F8D6 /* Frameworks */ = {
			isa = PBXFrameworksBuildPhase;
			buildActionMask = 2147483647;
			files = (
			);
			runOnlyForDeploymentPostprocessing = 0;
		};
/* End PBXFrameworksBuildPhase section */

/* Begin PBXGroup section */
		B66BF3A41B0C137D0082F8D6 = {
			isa = PBXGroup;
			children = (
				B66BF3AF1B0C137E0082F8D6 /* openshare */,
				B66BF3C91B0C137E0082F8D6 /* openshareTests */,
				B66BF3AE1B0C137E0082F8D6 /* Products */,
			);
			sourceTree = "<group>";
		};
		B66BF3AE1B0C137E0082F8D6 /* Products */ = {
			isa = PBXGroup;
			children = (
				B66BF3AD1B0C137E0082F8D6 /* openshare.app */,
				B66BF3C61B0C137E0082F8D6 /* openshareTests.xctest */,
			);
			name = Products;
			sourceTree = "<group>";
		};
		B66BF3AF1B0C137E0082F8D6 /* openshare */ = {
			isa = PBXGroup;
			children = (
				B66BF3E11B0C16290082F8D6 /* OpenShare */,
				B66BF3D61B0C143D0082F8D6 /* assets */,
				B66BF3B41B0C137E0082F8D6 /* AppDelegate.h */,
				B66BF3B51B0C137E0082F8D6 /* AppDelegate.m */,
				B66BF3B71B0C137E0082F8D6 /* ViewController.h */,
				B66BF3B81B0C137E0082F8D6 /* ViewController.m */,
				049EE8F51F8F6443004A076B /* NNShareViewController.h */,
				049EE8F61F8F6443004A076B /* NNShareViewController.m */,
				0437276B1F99D5F0001B4735 /* NNShareKitHandle.h */,
				0437276C1F99D5F0001B4735 /* NNShareKitHandle.m */,
				B66BF3F21B0C1AEB0082F8D6 /* UIControl+Blocks.h */,
				B66BF3F31B0C1AEB0082F8D6 /* UIControl+Blocks.m */,
				B66BF3BD1B0C137E0082F8D6 /* Images.xcassets */,
				B66BF3BF1B0C137E0082F8D6 /* LaunchScreen.xib */,
				B66BF3B01B0C137E0082F8D6 /* Supporting Files */,
			);
			path = openshare;
			sourceTree = "<group>";
		};
		B66BF3B01B0C137E0082F8D6 /* Supporting Files */ = {
			isa = PBXGroup;
			children = (
				B66BF3B11B0C137E0082F8D6 /* Info.plist */,
				B66BF3B21B0C137E0082F8D6 /* main.m */,
			);
			name = "Supporting Files";
			sourceTree = "<group>";
		};
		B66BF3C91B0C137E0082F8D6 /* openshareTests */ = {
			isa = PBXGroup;
			children = (
				B66BF3CC1B0C137E0082F8D6 /* openshareTests.m */,
				B66BF3CA1B0C137E0082F8D6 /* Supporting Files */,
			);
			path = openshareTests;
			sourceTree = "<group>";
		};
		B66BF3CA1B0C137E0082F8D6 /* Supporting Files */ = {
			isa = PBXGroup;
			children = (
				B66BF3CB1B0C137E0082F8D6 /* Info.plist */,
			);
			name = "Supporting Files";
			sourceTree = "<group>";
		};
		B66BF3D61B0C143D0082F8D6 /* assets */ = {
			isa = PBXGroup;
			children = (
				B66BF3F71B0C23670082F8D6 /* Default@2x.png */,
				B66BF3D71B0C14480082F8D6 /* iconfont.ttf */,
				B66BF3D81B0C14480082F8D6 /* logo.gif */,
				B66BF3D91B0C14480082F8D6 /* logo.png */,
				B66BF3DA1B0C14480082F8D6 /* test.pdf */,
			);
			name = assets;
			sourceTree = "<group>";
		};
		B66BF3E11B0C16290082F8D6 /* OpenShare */ = {
			isa = PBXGroup;
			children = (
				0437278C1F9DF12E001B4735 /* openshare.bundle */,
				0492D26D1F8F8E540009ADF7 /* NNBaseMessages.h */,
				0492D2851F8F8E580009ADF7 /* NNBaseMessages.m */,
				0492D2741F8F8E550009ADF7 /* NNBaseShareKit.h */,
				0492D27C1F8F8E560009ADF7 /* NNBaseShareKit.m */,
				0492D2751F8F8E550009ADF7 /* NNChatShare.h */,
				0492D2821F8F8E580009ADF7 /* NNChatShare.m */,
				0492D2791F8F8E560009ADF7 /* NNCopyLink.h */,
				0492D27D1F8F8E570009ADF7 /* NNCopyLink.m */,
				0492D27E1F8F8E570009ADF7 /* NNSavePhoto.h */,
				0492D2761F8F8E550009ADF7 /* NNSavePhoto.m */,
				04D650CC1F908E44005F7830 /* NNCollectShare.h */,
				04D650CD1F908E44005F7830 /* NNCollectShare.m */,
				04D650CF1F908EEE005F7830 /* NNReportShare.h */,
				04D650D01F908EEE005F7830 /* NNReportShare.m */,
				04D650D21F908F19005F7830 /* NNRefreshShare.h */,
				04D650D31F908F19005F7830 /* NNRefreshShare.m */,
				04D650D51F908F44005F7830 /* NNDeleteShare.h */,
				04D650D61F908F44005F7830 /* NNDeleteShare.m */,
				0492D2721F8F8E550009ADF7 /* NNShareContentController.h */,
				0492D27B1F8F8E560009ADF7 /* NNShareContentController.m */,
				0492D2701F8F8E550009ADF7 /* NNShareKit.h */,
				0492D2B51F8FABB60009ADF7 /* NSBundle+NNShareKit.h */,
				0492D2B61F8FABB70009ADF7 /* NSBundle+NNShareKit.m */,
				0492D2731F8F8E550009ADF7 /* NNShareMessageObject.h */,
				0492D2831F8F8E580009ADF7 /* NNShareMessageObject.m */,
				0492D26F1F8F8E540009ADF7 /* NNWechatSessionShare.h */,
				0492D2771F8F8E560009ADF7 /* NNWechatSessionShare.m */,
				0492D27F1F8F8E570009ADF7 /* NNWechatTimelineShare.h */,
				0492D26E1F8F8E540009ADF7 /* NNWechatTimelineShare.m */,
				04D650B01F904B27005F7830 /* NNTencentQQShare.h */,
				04D650B11F904B27005F7830 /* NNTencentQQShare.m */,
				04D650B31F904B6F005F7830 /* NNTencentSpaceShare.h */,
				04D650B41F904B6F005F7830 /* NNTencentSpaceShare.m */,
				0492D2801F8F8E570009ADF7 /* NNWeiboShare.h */,
				0492D2841F8F8E580009ADF7 /* NNWeiboShare.m */,
				0492D27A1F8F8E560009ADF7 /* NSString+NNValid.h */,
				0492D2711F8F8E550009ADF7 /* NSString+NNValid.m */,
				B66BF3E21B0C16290082F8D6 /* OpenShare+QQ.h */,
				B66BF3E31B0C16290082F8D6 /* OpenShare+QQ.m */,
				B66BF3E41B0C16290082F8D6 /* OpenShare+Renren.h */,
				B66BF3E51B0C16290082F8D6 /* OpenShare+Renren.m */,
				B66BF3E61B0C16290082F8D6 /* OpenShare+Weibo.h */,
				B66BF3E71B0C16290082F8D6 /* OpenShare+Weibo.m */,
				B66BF3E81B0C16290082F8D6 /* OpenShare+Weixin.h */,
				B66BF3E91B0C16290082F8D6 /* OpenShare+Weixin.m */,
				B6E22B1D1B213B09001930CA /* OpenShare+Alipay.h */,
				B6E22B1E1B213B09001930CA /* OpenShare+Alipay.m */,
				B66BF3EA1B0C16290082F8D6 /* OpenShare.h */,
				B66BF3EB1B0C16290082F8D6 /* OpenShare.m */,
				B66BF3EC1B0C16290082F8D6 /* OpenShareHeader.h */,
			);
			name = OpenShare;
			path = ../../OpenShare;
			sourceTree = "<group>";
		};
/* End PBXGroup section */

/* Begin PBXNativeTarget section */
		B66BF3AC1B0C137E0082F8D6 /* openshare */ = {
			isa = PBXNativeTarget;
			buildConfigurationList = B66BF3D01B0C137E0082F8D6 /* Build configuration list for PBXNativeTarget "openshare" */;
			buildPhases = (
				B66BF3A91B0C137E0082F8D6 /* Sources */,
				B66BF3AA1B0C137E0082F8D6 /* Frameworks */,
				B66BF3AB1B0C137E0082F8D6 /* Resources */,
			);
			buildRules = (
			);
			dependencies = (
			);
			name = openshare;
			productName = openshare;
			productReference = B66BF3AD1B0C137E0082F8D6 /* openshare.app */;
			productType = "com.apple.product-type.application";
		};
		B66BF3C51B0C137E0082F8D6 /* openshareTests */ = {
			isa = PBXNativeTarget;
			buildConfigurationList = B66BF3D31B0C137E0082F8D6 /* Build configuration list for PBXNativeTarget "openshareTests" */;
			buildPhases = (
				B66BF3C21B0C137E0082F8D6 /* Sources */,
				B66BF3C31B0C137E0082F8D6 /* Frameworks */,
				B66BF3C41B0C137E0082F8D6 /* Resources */,
			);
			buildRules = (
			);
			dependencies = (
				B66BF3C81B0C137E0082F8D6 /* PBXTargetDependency */,
			);
			name = openshareTests;
			productName = openshareTests;
			productReference = B66BF3C61B0C137E0082F8D6 /* openshareTests.xctest */;
			productType = "com.apple.product-type.bundle.unit-test";
		};
/* End PBXNativeTarget section */

/* Begin PBXProject section */
		B66BF3A51B0C137D0082F8D6 /* Project object */ = {
			isa = PBXProject;
			attributes = {
				LastUpgradeCheck = 0900;
				ORGANIZATIONNAME = "OpenShare http://openshare.gfzj.us/";
				TargetAttributes = {
					B66BF3AC1B0C137E0082F8D6 = {
						CreatedOnToolsVersion = 6.3.1;
						DevelopmentTeam = LEZB7733B3;
					};
					B66BF3C51B0C137E0082F8D6 = {
						CreatedOnToolsVersion = 6.3.1;
						DevelopmentTeam = LEZB7733B3;
						TestTargetID = B66BF3AC1B0C137E0082F8D6;
					};
				};
			};
			buildConfigurationList = B66BF3A81B0C137D0082F8D6 /* Build configuration list for PBXProject "openshare" */;
			compatibilityVersion = "Xcode 3.2";
			developmentRegion = English;
			hasScannedForEncodings = 0;
			knownRegions = (
				en,
				Base,
			);
			mainGroup = B66BF3A41B0C137D0082F8D6;
			productRefGroup = B66BF3AE1B0C137E0082F8D6 /* Products */;
			projectDirPath = "";
			projectRoot = "";
			targets = (
				B66BF3AC1B0C137E0082F8D6 /* openshare */,
				B66BF3C51B0C137E0082F8D6 /* openshareTests */,
			);
		};
/* End PBXProject section */

/* Begin PBXResourcesBuildPhase section */
		B66BF3AB1B0C137E0082F8D6 /* Resources */ = {
			isa = PBXResourcesBuildPhase;
			buildActionMask = 2147483647;
			files = (
				B66BF3DB1B0C14480082F8D6 /* iconfont.ttf in Resources */,
				B66BF3DD1B0C14480082F8D6 /* logo.png in Resources */,
				B66BF3DC1B0C14480082F8D6 /* logo.gif in Resources */,
				B66BF3C11B0C137E0082F8D6 /* LaunchScreen.xib in Resources */,
				B66BF3BE1B0C137E0082F8D6 /* Images.xcassets in Resources */,
				0437278D1F9DF12E001B4735 /* openshare.bundle in Resources */,
				B66BF3F81B0C23670082F8D6 /* Default@2x.png in Resources */,
				B66BF3DE1B0C14480082F8D6 /* test.pdf in Resources */,
			);
			runOnlyForDeploymentPostprocessing = 0;
		};
		B66BF3C41B0C137E0082F8D6 /* Resources */ = {
			isa = PBXResourcesBuildPhase;
			buildActionMask = 2147483647;
			files = (
			);
			runOnlyForDeploymentPostprocessing = 0;
		};
/* End PBXResourcesBuildPhase section */

/* Begin PBXSourcesBuildPhase section */
		B66BF3A91B0C137E0082F8D6 /* Sources */ = {
			isa = PBXSourcesBuildPhase;
			buildActionMask = 2147483647;
			files = (
				0492D2881F8F8E590009ADF7 /* NSString+NNValid.m in Sources */,
				04D650D41F908F19005F7830 /* NNRefreshShare.m in Sources */,
				0492D2B71F8FABB70009ADF7 /* NSBundle+NNShareKit.m in Sources */,
				04D650D11F908EEE005F7830 /* NNReportShare.m in Sources */,
				04D650CE1F908E44005F7830 /* NNCollectShare.m in Sources */,
				0492D28D1F8F8E590009ADF7 /* NNBaseShareKit.m in Sources */,
				0492D2911F8F8E590009ADF7 /* NNWeiboShare.m in Sources */,
				049EE8F71F8F6443004A076B /* NNShareViewController.m in Sources */,
				0492D28F1F8F8E590009ADF7 /* NNChatShare.m in Sources */,
				B66BF3B91B0C137E0082F8D6 /* ViewController.m in Sources */,
				B66BF3EE1B0C16290082F8D6 /* OpenShare+Renren.m in Sources */,
				04D650B51F904B6F005F7830 /* NNTencentSpaceShare.m in Sources */,
				B66BF3B61B0C137E0082F8D6 /* AppDelegate.m in Sources */,
				0492D28C1F8F8E590009ADF7 /* NNShareContentController.m in Sources */,
				0492D2891F8F8E590009ADF7 /* NNSavePhoto.m in Sources */,
				0492D2871F8F8E590009ADF7 /* NNWechatTimelineShare.m in Sources */,
				B66BF3F41B0C1AEB0082F8D6 /* UIControl+Blocks.m in Sources */,
				0492D28A1F8F8E590009ADF7 /* NNWechatSessionShare.m in Sources */,
				0437276D1F99D5F0001B4735 /* NNShareKitHandle.m in Sources */,
				B66BF3F11B0C16290082F8D6 /* OpenShare.m in Sources */,
				04D650B21F904B27005F7830 /* NNTencentQQShare.m in Sources */,
				04D650D71F908F44005F7830 /* NNDeleteShare.m in Sources */,
				0492D2921F8F8E590009ADF7 /* NNBaseMessages.m in Sources */,
				0492D2901F8F8E590009ADF7 /* NNShareMessageObject.m in Sources */,
				B66BF3B31B0C137E0082F8D6 /* main.m in Sources */,
				B66BF3EF1B0C16290082F8D6 /* OpenShare+Weibo.m in Sources */,
				B6E22B1F1B213B09001930CA /* OpenShare+Alipay.m in Sources */,
				0492D28E1F8F8E590009ADF7 /* NNCopyLink.m in Sources */,
				B66BF3ED1B0C16290082F8D6 /* OpenShare+QQ.m in Sources */,
				B66BF3F01B0C16290082F8D6 /* OpenShare+Weixin.m in Sources */,
			);
			runOnlyForDeploymentPostprocessing = 0;
		};
		B66BF3C21B0C137E0082F8D6 /* Sources */ = {
			isa = PBXSourcesBuildPhase;
			buildActionMask = 2147483647;
			files = (
				B66BF3CD1B0C137E0082F8D6 /* openshareTests.m in Sources */,
			);
			runOnlyForDeploymentPostprocessing = 0;
		};
/* End PBXSourcesBuildPhase section */

/* Begin PBXTargetDependency section */
		B66BF3C81B0C137E0082F8D6 /* PBXTargetDependency */ = {
			isa = PBXTargetDependency;
			target = B66BF3AC1B0C137E0082F8D6 /* openshare */;
			targetProxy = B66BF3C71B0C137E0082F8D6 /* PBXContainerItemProxy */;
		};
/* End PBXTargetDependency section */

/* Begin PBXVariantGroup section */
		B66BF3BF1B0C137E0082F8D6 /* LaunchScreen.xib */ = {
			isa = PBXVariantGroup;
			children = (
				B66BF3C01B0C137E0082F8D6 /* Base */,
			);
			name = LaunchScreen.xib;
			sourceTree = "<group>";
		};
/* End PBXVariantGroup section */

/* Begin XCBuildConfiguration section */
		B66BF3CE1B0C137E0082F8D6 /* Debug */ = {
			isa = XCBuildConfiguration;
			buildSettings = {
				ALWAYS_SEARCH_USER_PATHS = NO;
				CLANG_CXX_LANGUAGE_STANDARD = "gnu++0x";
				CLANG_CXX_LIBRARY = "libc++";
				CLANG_ENABLE_MODULES = YES;
				CLANG_ENABLE_OBJC_ARC = YES;
				CLANG_WARN_BLOCK_CAPTURE_AUTORELEASING = YES;
				CLANG_WARN_BOOL_CONVERSION = YES;
				CLANG_WARN_COMMA = YES;
				CLANG_WARN_CONSTANT_CONVERSION = YES;
				CLANG_WARN_DIRECT_OBJC_ISA_USAGE = YES_ERROR;
				CLANG_WARN_EMPTY_BODY = YES;
				CLANG_WARN_ENUM_CONVERSION = YES;
				CLANG_WARN_INFINITE_RECURSION = YES;
				CLANG_WARN_INT_CONVERSION = YES;
				CLANG_WARN_NON_LITERAL_NULL_CONVERSION = YES;
				CLANG_WARN_OBJC_LITERAL_CONVERSION = YES;
				CLANG_WARN_OBJC_ROOT_CLASS = YES_ERROR;
				CLANG_WARN_RANGE_LOOP_ANALYSIS = YES;
				CLANG_WARN_STRICT_PROTOTYPES = YES;
				CLANG_WARN_SUSPICIOUS_MOVE = YES;
				CLANG_WARN_UNREACHABLE_CODE = YES;
				CLANG_WARN__DUPLICATE_METHOD_MATCH = YES;
				"CODE_SIGN_IDENTITY[sdk=iphoneos*]" = "iPhone Developer";
				COPY_PHASE_STRIP = NO;
				DEBUG_INFORMATION_FORMAT = "dwarf-with-dsym";
				ENABLE_STRICT_OBJC_MSGSEND = YES;
				ENABLE_TESTABILITY = YES;
				GCC_C_LANGUAGE_STANDARD = gnu99;
				GCC_DYNAMIC_NO_PIC = NO;
				GCC_NO_COMMON_BLOCKS = YES;
				GCC_OPTIMIZATION_LEVEL = 0;
				GCC_PREPROCESSOR_DEFINITIONS = (
					"DEBUG=1",
					"$(inherited)",
				);
				GCC_SYMBOLS_PRIVATE_EXTERN = NO;
				GCC_WARN_64_TO_32_BIT_CONVERSION = YES;
				GCC_WARN_ABOUT_RETURN_TYPE = YES_ERROR;
				GCC_WARN_UNDECLARED_SELECTOR = YES;
				GCC_WARN_UNINITIALIZED_AUTOS = YES_AGGRESSIVE;
				GCC_WARN_UNUSED_FUNCTION = YES;
				GCC_WARN_UNUSED_VARIABLE = YES;
				IPHONEOS_DEPLOYMENT_TARGET = 8.3;
				MTL_ENABLE_DEBUG_INFO = YES;
				ONLY_ACTIVE_ARCH = YES;
				SDKROOT = iphoneos;
				TARGETED_DEVICE_FAMILY = "1,2";
			};
			name = Debug;
		};
		B66BF3CF1B0C137E0082F8D6 /* Release */ = {
			isa = XCBuildConfiguration;
			buildSettings = {
				ALWAYS_SEARCH_USER_PATHS = NO;
				CLANG_CXX_LANGUAGE_STANDARD = "gnu++0x";
				CLANG_CXX_LIBRARY = "libc++";
				CLANG_ENABLE_MODULES = YES;
				CLANG_ENABLE_OBJC_ARC = YES;
				CLANG_WARN_BLOCK_CAPTURE_AUTORELEASING = YES;
				CLANG_WARN_BOOL_CONVERSION = YES;
				CLANG_WARN_COMMA = YES;
				CLANG_WARN_CONSTANT_CONVERSION = YES;
				CLANG_WARN_DIRECT_OBJC_ISA_USAGE = YES_ERROR;
				CLANG_WARN_EMPTY_BODY = YES;
				CLANG_WARN_ENUM_CONVERSION = YES;
				CLANG_WARN_INFINITE_RECURSION = YES;
				CLANG_WARN_INT_CONVERSION = YES;
				CLANG_WARN_NON_LITERAL_NULL_CONVERSION = YES;
				CLANG_WARN_OBJC_LITERAL_CONVERSION = YES;
				CLANG_WARN_OBJC_ROOT_CLASS = YES_ERROR;
				CLANG_WARN_RANGE_LOOP_ANALYSIS = YES;
				CLANG_WARN_STRICT_PROTOTYPES = YES;
				CLANG_WARN_SUSPICIOUS_MOVE = YES;
				CLANG_WARN_UNREACHABLE_CODE = YES;
				CLANG_WARN__DUPLICATE_METHOD_MATCH = YES;
				"CODE_SIGN_IDENTITY[sdk=iphoneos*]" = "iPhone Developer";
				COPY_PHASE_STRIP = NO;
				DEBUG_INFORMATION_FORMAT = "dwarf-with-dsym";
				ENABLE_NS_ASSERTIONS = NO;
				ENABLE_STRICT_OBJC_MSGSEND = YES;
				GCC_C_LANGUAGE_STANDARD = gnu99;
				GCC_NO_COMMON_BLOCKS = YES;
				GCC_WARN_64_TO_32_BIT_CONVERSION = YES;
				GCC_WARN_ABOUT_RETURN_TYPE = YES_ERROR;
				GCC_WARN_UNDECLARED_SELECTOR = YES;
				GCC_WARN_UNINITIALIZED_AUTOS = YES_AGGRESSIVE;
				GCC_WARN_UNUSED_FUNCTION = YES;
				GCC_WARN_UNUSED_VARIABLE = YES;
				IPHONEOS_DEPLOYMENT_TARGET = 8.3;
				MTL_ENABLE_DEBUG_INFO = NO;
				SDKROOT = iphoneos;
				TARGETED_DEVICE_FAMILY = "1,2";
				VALIDATE_PRODUCT = YES;
			};
			name = Release;
		};
		B66BF3D11B0C137E0082F8D6 /* Debug */ = {
			isa = XCBuildConfiguration;
			buildSettings = {
				ASSETCATALOG_COMPILER_APPICON_NAME = AppIcon;
				ASSETCATALOG_COMPILER_LAUNCHIMAGE_NAME = LaunchImage;
				DEVELOPMENT_TEAM = LEZB7733B3;
				INFOPLIST_FILE = openshare/Info.plist;
				IPHONEOS_DEPLOYMENT_TARGET = 8.0;
				LD_RUNPATH_SEARCH_PATHS = "$(inherited) @executable_path/Frameworks";
				PRODUCT_BUNDLE_IDENTIFIER = us.yc.openshare;
				PRODUCT_NAME = "$(TARGET_NAME)";
			};
			name = Debug;
		};
		B66BF3D21B0C137E0082F8D6 /* Release */ = {
			isa = XCBuildConfiguration;
			buildSettings = {
				ASSETCATALOG_COMPILER_APPICON_NAME = AppIcon;
				ASSETCATALOG_COMPILER_LAUNCHIMAGE_NAME = LaunchImage;
				DEVELOPMENT_TEAM = LEZB7733B3;
				INFOPLIST_FILE = openshare/Info.plist;
				IPHONEOS_DEPLOYMENT_TARGET = 8.0;
				LD_RUNPATH_SEARCH_PATHS = "$(inherited) @executable_path/Frameworks";
				PRODUCT_BUNDLE_IDENTIFIER = us.yc.openshare;
				PRODUCT_NAME = "$(TARGET_NAME)";
			};
			name = Release;
		};
		B66BF3D41B0C137E0082F8D6 /* Debug */ = {
			isa = XCBuildConfiguration;
			buildSettings = {
				BUNDLE_LOADER = "$(TEST_HOST)";
				DEVELOPMENT_TEAM = LEZB7733B3;
				FRAMEWORK_SEARCH_PATHS = (
					"$(SDKROOT)/Developer/Library/Frameworks",
					"$(inherited)",
				);
				GCC_PREPROCESSOR_DEFINITIONS = (
					"DEBUG=1",
					"$(inherited)",
				);
				INFOPLIST_FILE = openshareTests/Info.plist;
				LD_RUNPATH_SEARCH_PATHS = "$(inherited) @executable_path/Frameworks @loader_path/Frameworks";
				PRODUCT_BUNDLE_IDENTIFIER = "us.gfzj.$(PRODUCT_NAME:rfc1034identifier)";
				PRODUCT_NAME = "$(TARGET_NAME)";
				TEST_HOST = "$(BUILT_PRODUCTS_DIR)/openshare.app/openshare";
			};
			name = Debug;
		};
		B66BF3D51B0C137E0082F8D6 /* Release */ = {
			isa = XCBuildConfiguration;
			buildSettings = {
				BUNDLE_LOADER = "$(TEST_HOST)";
				DEVELOPMENT_TEAM = LEZB7733B3;
				FRAMEWORK_SEARCH_PATHS = (
					"$(SDKROOT)/Developer/Library/Frameworks",
					"$(inherited)",
				);
				INFOPLIST_FILE = openshareTests/Info.plist;
				LD_RUNPATH_SEARCH_PATHS = "$(inherited) @executable_path/Frameworks @loader_path/Frameworks";
				PRODUCT_BUNDLE_IDENTIFIER = "us.gfzj.$(PRODUCT_NAME:rfc1034identifier)";
				PRODUCT_NAME = "$(TARGET_NAME)";
				TEST_HOST = "$(BUILT_PRODUCTS_DIR)/openshare.app/openshare";
			};
			name = Release;
		};
/* End XCBuildConfiguration section */

/* Begin XCConfigurationList section */
		B66BF3A81B0C137D0082F8D6 /* Build configuration list for PBXProject "openshare" */ = {
			isa = XCConfigurationList;
			buildConfigurations = (
				B66BF3CE1B0C137E0082F8D6 /* Debug */,
				B66BF3CF1B0C137E0082F8D6 /* Release */,
			);
			defaultConfigurationIsVisible = 0;
			defaultConfigurationName = Release;
		};
		B66BF3D01B0C137E0082F8D6 /* Build configuration list for PBXNativeTarget "openshare" */ = {
			isa = XCConfigurationList;
			buildConfigurations = (
				B66BF3D11B0C137E0082F8D6 /* Debug */,
				B66BF3D21B0C137E0082F8D6 /* Release */,
			);
			defaultConfigurationIsVisible = 0;
			defaultConfigurationName = Release;
		};
		B66BF3D31B0C137E0082F8D6 /* Build configuration list for PBXNativeTarget "openshareTests" */ = {
			isa = XCConfigurationList;
			buildConfigurations = (
				B66BF3D41B0C137E0082F8D6 /* Debug */,
				B66BF3D51B0C137E0082F8D6 /* Release */,
			);
			defaultConfigurationIsVisible = 0;
			defaultConfigurationName = Release;
		};
/* End XCConfigurationList section */
	};
	rootObject = B66BF3A51B0C137D0082F8D6 /* Project object */;
}
